{
  "object": {
    "pins": [
      {
        "package": "CombineExt",
        "repositoryURL": "https://github.com/CombineCommunity/CombineExt",
        "state": {
          "branch": null,
          "revision": "0880829102152185190064fd17847a7c681d2127",
          "version": "1.5.1"
        }
      },
      {
        "package": "CombineExtensions",
        "repositoryURL": "https://github.com/EtneteraMobile/CombineExtensions",
        "state": {
          "branch": "main",
          "revision": "1145be1f93e384fbece87f611931ba476501404b",
          "version": null
        }
      }
    ]
  },
  "version": 1
}
